
Microsoft Visual Studio Solution File, Format Version 12.00
# Visual Studio 15
VisualStudioVersion = 15.0.26430.6
MinimumVisualStudioVersion = 10.0.40219.1
Project("{FAE04EC0-301F-11D3-BF4B-00C04F79EFBC}") = "restDocumentation", "restDocumentation\restDocumentation.csproj", "{8592823E-259F-4FB7-8BF8-194425A2BFCC}"
EndProject
Project("{FAE04EC0-301F-11D3-BF4B-00C04F79EFBC}") = "restDocumentation.Tests", "restDocumentation.Tests\restDocumentation.Tests.csproj", "{A4AE8FDD-802A-4336-A0CB-DEFB44E3A58B}"
EndProject
Global
	GlobalSection(SolutionConfigurationPlatforms) = preSolution
		Debug|Any CPU = Debug|Any CPU
		Release|Any CPU = Release|Any CPU
	EndGlobalSection
	GlobalSection(ProjectConfigurationPlatforms) = postSolution
		{8592823E-259F-4FB7-8BF8-194425A2BFCC}.Debug|Any CPU.ActiveCfg = Debug|Any CPU
		{8592823E-259F-4FB7-8BF8-194425A2BFCC}.Debug|Any CPU.Build.0 = Debug|Any CPU
		{8592823E-259F-4FB7-8BF8-194425A2BFCC}.Release|Any CPU.ActiveCfg = Release|Any CPU
		{8592823E-259F-4FB7-8BF8-194425A2BFCC}.Release|Any CPU.Build.0 = Release|Any CPU
		{A4AE8FDD-802A-4336-A0CB-DEFB44E3A58B}.Debug|Any CPU.ActiveCfg = Debug|Any CPU
		{A4AE8FDD-802A-4336-A0CB-DEFB44E3A58B}.Debug|Any CPU.Build.0 = Debug|Any CPU
		{A4AE8FDD-802A-4336-A0CB-DEFB44E3A58B}.Release|Any CPU.ActiveCfg = Release|Any CPU
		{A4AE8FDD-802A-4336-A0CB-DEFB44E3A58B}.Release|Any CPU.Build.0 = Release|Any CPU
	EndGlobalSection
	GlobalSection(SolutionProperties) = preSolution
		HideSolutionNode = FALSE
	EndGlobalSection
EndGlobal
