
Microsoft Visual Studio Solution File, Format Version 12.00
# Visual Studio 15
VisualStudioVersion = 15.0.26730.16
MinimumVisualStudioVersion = 10.0.40219.1
Project("{FAE04EC0-301F-11D3-BF4B-00C04F79EFBC}") = "DefaultHelppage", "DefaultHelppage\DefaultHelppage.csproj", "{299E0402-66EB-47EF-BC36-2D2C083B27AC}"
EndProject
Project("{FAE04EC0-301F-11D3-BF4B-00C04F79EFBC}") = "SwaggerDocumentation", "SwaggerDocumentation\SwaggerDocumentation.csproj", "{A83D85CB-02E2-4120-9CBD-BE8682287A10}"
EndProject
Project("{2150E333-8FDC-42A3-9474-1A3956D46DE8}") = "SharedHelppage", "SharedHelppage", "{58FE9B8E-C207-4926-9B5B-F982678D74D7}"
EndProject
Project("{2150E333-8FDC-42A3-9474-1A3956D46DE8}") = "IntegratedHelppage", "IntegratedHelppage", "{0CB354BF-1172-41DF-9591-B609E2D75340}"
EndProject
Project("{2150E333-8FDC-42A3-9474-1A3956D46DE8}") = "Shared", "Shared", "{B8D7920E-76DB-4814-BD3B-F53060ACA6EA}"
EndProject
Project("{FAE04EC0-301F-11D3-BF4B-00C04F79EFBC}") = "CustomizedHelppage", "CustomizedHelppage\CustomizedHelppage.csproj", "{AAFFDDE2-4044-4540-A500-0C2F84894A6D}"
EndProject
Project("{FAE04EC0-301F-11D3-BF4B-00C04F79EFBC}") = "DualDocumentation", "DualDocumentation\DualDocumentation.csproj", "{AC32358F-EAEC-4414-BF08-209A5FC7455C}"
EndProject
Project("{FAE04EC0-301F-11D3-BF4B-00C04F79EFBC}") = "ConsumerWebApplication1", "ConsumerWebApplication1\ConsumerWebApplication1.csproj", "{C8C25FCA-AE7C-49CD-A7FA-93AC056A5B81}"
EndProject
Project("{FAE04EC0-301F-11D3-BF4B-00C04F79EFBC}") = "ConsumerWebApplication2", "ConsumerWebApplication2\ConsumerWebApplication2.csproj", "{7A2A9620-5DEE-4149-A651-31EB6B193299}"
EndProject
Project("{2150E333-8FDC-42A3-9474-1A3956D46DE8}") = "ASP.NET", "ASP.NET", "{34C6D8CC-EB21-49C0-8D08-D2CCFE8448FF}"
EndProject
Project("{2150E333-8FDC-42A3-9474-1A3956D46DE8}") = "ASP.NET Core", "ASP.NET Core", "{87A1A2C0-AB0C-43B4-BF27-7BF20249F3D7}"
EndProject
Project("{FAE04EC0-301F-11D3-BF4B-00C04F79EFBC}") = "NetCoreSwaggerDocumentation", "NetCoreSwaggerDocumentation\NetCoreSwaggerDocumentation.csproj", "{5155A298-8C67-476A-B169-5CCBDC66100F}"
EndProject
Global
	GlobalSection(SolutionConfigurationPlatforms) = preSolution
		Debug|Any CPU = Debug|Any CPU
		Release|Any CPU = Release|Any CPU
	EndGlobalSection
	GlobalSection(ProjectConfigurationPlatforms) = postSolution
		{299E0402-66EB-47EF-BC36-2D2C083B27AC}.Debug|Any CPU.ActiveCfg = Debug|Any CPU
		{299E0402-66EB-47EF-BC36-2D2C083B27AC}.Debug|Any CPU.Build.0 = Debug|Any CPU
		{299E0402-66EB-47EF-BC36-2D2C083B27AC}.Release|Any CPU.ActiveCfg = Release|Any CPU
		{299E0402-66EB-47EF-BC36-2D2C083B27AC}.Release|Any CPU.Build.0 = Release|Any CPU
		{A83D85CB-02E2-4120-9CBD-BE8682287A10}.Debug|Any CPU.ActiveCfg = Debug|Any CPU
		{A83D85CB-02E2-4120-9CBD-BE8682287A10}.Debug|Any CPU.Build.0 = Debug|Any CPU
		{A83D85CB-02E2-4120-9CBD-BE8682287A10}.Release|Any CPU.ActiveCfg = Release|Any CPU
		{A83D85CB-02E2-4120-9CBD-BE8682287A10}.Release|Any CPU.Build.0 = Release|Any CPU
		{AAFFDDE2-4044-4540-A500-0C2F84894A6D}.Debug|Any CPU.ActiveCfg = Debug|Any CPU
		{AAFFDDE2-4044-4540-A500-0C2F84894A6D}.Debug|Any CPU.Build.0 = Debug|Any CPU
		{AAFFDDE2-4044-4540-A500-0C2F84894A6D}.Release|Any CPU.ActiveCfg = Release|Any CPU
		{AAFFDDE2-4044-4540-A500-0C2F84894A6D}.Release|Any CPU.Build.0 = Release|Any CPU
		{AC32358F-EAEC-4414-BF08-209A5FC7455C}.Debug|Any CPU.ActiveCfg = Debug|Any CPU
		{AC32358F-EAEC-4414-BF08-209A5FC7455C}.Debug|Any CPU.Build.0 = Debug|Any CPU
		{AC32358F-EAEC-4414-BF08-209A5FC7455C}.Release|Any CPU.ActiveCfg = Release|Any CPU
		{AC32358F-EAEC-4414-BF08-209A5FC7455C}.Release|Any CPU.Build.0 = Release|Any CPU
		{C8C25FCA-AE7C-49CD-A7FA-93AC056A5B81}.Debug|Any CPU.ActiveCfg = Debug|Any CPU
		{C8C25FCA-AE7C-49CD-A7FA-93AC056A5B81}.Debug|Any CPU.Build.0 = Debug|Any CPU
		{C8C25FCA-AE7C-49CD-A7FA-93AC056A5B81}.Release|Any CPU.ActiveCfg = Release|Any CPU
		{C8C25FCA-AE7C-49CD-A7FA-93AC056A5B81}.Release|Any CPU.Build.0 = Release|Any CPU
		{7A2A9620-5DEE-4149-A651-31EB6B193299}.Debug|Any CPU.ActiveCfg = Debug|Any CPU
		{7A2A9620-5DEE-4149-A651-31EB6B193299}.Debug|Any CPU.Build.0 = Debug|Any CPU
		{7A2A9620-5DEE-4149-A651-31EB6B193299}.Release|Any CPU.ActiveCfg = Release|Any CPU
		{7A2A9620-5DEE-4149-A651-31EB6B193299}.Release|Any CPU.Build.0 = Release|Any CPU
		{5155A298-8C67-476A-B169-5CCBDC66100F}.Debug|Any CPU.ActiveCfg = Debug|Any CPU
		{5155A298-8C67-476A-B169-5CCBDC66100F}.Debug|Any CPU.Build.0 = Debug|Any CPU
		{5155A298-8C67-476A-B169-5CCBDC66100F}.Release|Any CPU.ActiveCfg = Release|Any CPU
		{5155A298-8C67-476A-B169-5CCBDC66100F}.Release|Any CPU.Build.0 = Release|Any CPU
	EndGlobalSection
	GlobalSection(SolutionProperties) = preSolution
		HideSolutionNode = FALSE
	EndGlobalSection
	GlobalSection(NestedProjects) = preSolution
		{299E0402-66EB-47EF-BC36-2D2C083B27AC} = {0CB354BF-1172-41DF-9591-B609E2D75340}
		{A83D85CB-02E2-4120-9CBD-BE8682287A10} = {0CB354BF-1172-41DF-9591-B609E2D75340}
		{58FE9B8E-C207-4926-9B5B-F982678D74D7} = {34C6D8CC-EB21-49C0-8D08-D2CCFE8448FF}
		{0CB354BF-1172-41DF-9591-B609E2D75340} = {34C6D8CC-EB21-49C0-8D08-D2CCFE8448FF}
		{B8D7920E-76DB-4814-BD3B-F53060ACA6EA} = {58FE9B8E-C207-4926-9B5B-F982678D74D7}
		{AAFFDDE2-4044-4540-A500-0C2F84894A6D} = {B8D7920E-76DB-4814-BD3B-F53060ACA6EA}
		{AC32358F-EAEC-4414-BF08-209A5FC7455C} = {0CB354BF-1172-41DF-9591-B609E2D75340}
		{C8C25FCA-AE7C-49CD-A7FA-93AC056A5B81} = {58FE9B8E-C207-4926-9B5B-F982678D74D7}
		{7A2A9620-5DEE-4149-A651-31EB6B193299} = {58FE9B8E-C207-4926-9B5B-F982678D74D7}
		{5155A298-8C67-476A-B169-5CCBDC66100F} = {87A1A2C0-AB0C-43B4-BF27-7BF20249F3D7}
	EndGlobalSection
	GlobalSection(ExtensibilityGlobals) = postSolution
		SolutionGuid = {99CBEB59-A129-419A-AC5B-F7E1A1C6B33D}
	EndGlobalSection
EndGlobal
